
Microsoft Visual Studio Solution File, Format Version 12.00
# Visual Studio Version 17
VisualStudioVersion = 17.4.33205.214
MinimumVisualStudioVersion = 10.0.40219.1
Project("{888888A0-9F3D-457C-B088-3A5042F75D52}") = "day9", "day9.pyproj", "{7D4613F1-BB73-4DE8-BC25-27D3D271C308}"
EndProject
Global
	GlobalSection(SolutionConfigurationPlatforms) = preSolution
		Debug|Any CPU = Debug|Any CPU
		Release|Any CPU = Release|Any CPU
	EndGlobalSection
	GlobalSection(ProjectConfigurationPlatforms) = postSolution
		{7D4613F1-BB73-4DE8-BC25-27D3D271C308}.Debug|Any CPU.ActiveCfg = Debug|Any CPU
		{7D4613F1-BB73-4DE8-BC25-27D3D271C308}.Release|Any CPU.ActiveCfg = Release|Any CPU
	EndGlobalSection
	GlobalSection(SolutionProperties) = preSolution
		HideSolutionNode = FALSE
	EndGlobalSection
	GlobalSection(ExtensibilityGlobals) = postSolution
		SolutionGuid = {B67F3FAA-41D0-4D6E-A69B-150586F7F2F4}
	EndGlobalSection
EndGlobal
