
Microsoft Visual Studio Solution File, Format Version 12.00
# Visual Studio Version 17
VisualStudioVersion = 17.4.33205.214
MinimumVisualStudioVersion = 10.0.40219.1
Project("{888888A0-9F3D-457C-B088-3A5042F75D52}") = "day8", "day8.pyproj", "{B9DA0C5C-4A11-4098-9D4B-C9689FDEFBFB}"
EndProject
Global
	GlobalSection(SolutionConfigurationPlatforms) = preSolution
		Debug|Any CPU = Debug|Any CPU
		Release|Any CPU = Release|Any CPU
	EndGlobalSection
	GlobalSection(ProjectConfigurationPlatforms) = postSolution
		{B9DA0C5C-4A11-4098-9D4B-C9689FDEFBFB}.Debug|Any CPU.ActiveCfg = Debug|Any CPU
		{B9DA0C5C-4A11-4098-9D4B-C9689FDEFBFB}.Release|Any CPU.ActiveCfg = Release|Any CPU
	EndGlobalSection
	GlobalSection(SolutionProperties) = preSolution
		HideSolutionNode = FALSE
	EndGlobalSection
	GlobalSection(ExtensibilityGlobals) = postSolution
		SolutionGuid = {7CD6A5D5-E18D-4CA0-9899-919DE012DA8B}
	EndGlobalSection
EndGlobal
