
Microsoft Visual Studio Solution File, Format Version 12.00
# Visual Studio Version 17
VisualStudioVersion = 17.4.33205.214
MinimumVisualStudioVersion = 10.0.40219.1
Project("{888888A0-9F3D-457C-B088-3A5042F75D52}") = "day1", "day1.pyproj", "{08C08E1C-6CAF-4C39-BE86-3AC8638039C1}"
EndProject
Global
	GlobalSection(SolutionConfigurationPlatforms) = preSolution
		Debug|Any CPU = Debug|Any CPU
		Release|Any CPU = Release|Any CPU
	EndGlobalSection
	GlobalSection(ProjectConfigurationPlatforms) = postSolution
		{08C08E1C-6CAF-4C39-BE86-3AC8638039C1}.Debug|Any CPU.ActiveCfg = Debug|Any CPU
		{08C08E1C-6CAF-4C39-BE86-3AC8638039C1}.Release|Any CPU.ActiveCfg = Release|Any CPU
	EndGlobalSection
	GlobalSection(SolutionProperties) = preSolution
		HideSolutionNode = FALSE
	EndGlobalSection
	GlobalSection(ExtensibilityGlobals) = postSolution
		SolutionGuid = {38572C57-3387-40F7-843D-3F18CA069FEA}
	EndGlobalSection
EndGlobal
